PODS:
  - AFNetworking (2.6.3):
    - AFNetworking/NSURLConnection (= 2.6.3)
    - AFNetworking/NSURLSession (= 2.6.3)
    - AFNetworking/Reachability (= 2.6.3)
    - AFNetworking/Security (= 2.6.3)
    - AFNetworking/Serialization (= 2.6.3)
    - AFNetworking/UIKit (= 2.6.3)
  - AFNetworking/NSURLConnection (2.6.3):
    - AFNetworking/Reachability
    - AFNetworking/Security
    - AFNetworking/Serialization
  - AFNetworking/NSURLSession (2.6.3):
    - AFNetworking/Reachability
    - AFNetworking/Security
    - AFNetworking/Serialization
  - AFNetworking/Reachability (2.6.3)
  - AFNetworking/Security (2.6.3)
  - AFNetworking/Serialization (2.6.3)
  - AFNetworking/UIKit (2.6.3):
    - AFNetworking/NSURLConnection
    - AFNetworking/NSURLSession
  - AsyncDisplayKit (1.9.7):
    - AsyncDisplayKit/PINRemoteImage (= 1.9.7)
  - AsyncDisplayKit/ASDealloc2MainObject (1.9.7)
  - AsyncDisplayKit/PINRemoteImage (1.9.7):
    - AsyncDisplayKit/ASDealloc2MainObject
    - PINRemoteImage/iOS (>= 2)
  - PINCache (2.2.2)
  - PINRemoteImage/Core (2.1):
    - PINCache (>= 2.1)
  - PINRemoteImage/iOS (2.1):
    - PINRemoteImage/Core

DEPENDENCIES:
  - AFNetworking (~> 2.0)
  - AsyncDisplayKit

SPEC CHECKSUMS:
  AFNetworking: cb8d14a848e831097108418f5d49217339d4eb60
  AsyncDisplayKit: eb762d3bfd3896b2901909ebc24b54c97f32d43c
  PINCache: 078426d356ab95ef875e9e62e5c35a2ea3333c28
  PINRemoteImage: e8367ac3f5c234712f1d8c274462ec834d649940

COCOAPODS: 0.39.0
