// !$*UTF8*$!
{
	archiveVersion = 1;
	classes = {
	};
	objectVersion = 46;
	objects = {

/* Begin PBXBuildFile section */
		91F8487F51508425FCE7F8C0 /* libPods-RainForestFinal.a in Frameworks */ = {isa = PBXBuildFile; fileRef = 63AFCB603422C3729A0BEAF1 /* libPods-RainForestFinal.a */; };
		AE2FB48F1C821D0C003AD243 /* main.m in Sources */ = {isa = PBXBuildFile; fileRef = AE2FB48E1C821D0C003AD243 /* main.m */; };
		AE2FB4921C821D0C003AD243 /* AppDelegate.m in Sources */ = {isa = PBXBuildFile; fileRef = AE2FB4911C821D0C003AD243 /* AppDelegate.m */; };
		AE2FB49A1C821D0C003AD243 /* Assets.xcassets in Resources */ = {isa = PBXBuildFile; fileRef = AE2FB4991C821D0C003AD243 /* Assets.xcassets */; };
		AE2FB4A71C822006003AD243 /* UIImage+ImageEffects.m in Sources */ = {isa = PBXBuildFile; fileRef = AE2FB4A61C822006003AD243 /* UIImage+ImageEffects.m */; };
		AE2FB4B41C822CA2003AD243 /* Factories.m in Sources */ = {isa = PBXBuildFile; fileRef = AE2FB4B31C822CA2003AD243 /* Factories.m */; };
		AE2FB4BA1C8242C2003AD243 /* RainforestCardInfo.m in Sources */ = {isa = PBXBuildFile; fileRef = AE2FB4B91C8242C2003AD243 /* RainforestCardInfo.m */; };
		AE2FB4BD1C82725A003AD243 /* AnimalTableNodeController.m in Sources */ = {isa = PBXBuildFile; fileRef = AE2FB4BC1C82725A003AD243 /* AnimalTableNodeController.m */; };
		AE2FB4C31C8DDAB5003AD243 /* CardCell.m in Sources */ = {isa = PBXBuildFile; fileRef = AE2FB4C21C8DDAB5003AD243 /* CardCell.m */; };
		AE3295FD1C9BA73E00BE8DA4 /* CardNode.m in Sources */ = {isa = PBXBuildFile; fileRef = AE3295FC1C9BA73E00BE8DA4 /* CardNode.m */; };
		AE3296011C9BA76700BE8DA4 /* ViewController.m in Sources */ = {isa = PBXBuildFile; fileRef = AE3295FF1C9BA76700BE8DA4 /* ViewController.m */; };
		AE3296041C9BA81B00BE8DA4 /* GradientNode.m in Sources */ = {isa = PBXBuildFile; fileRef = AE3296031C9BA81B00BE8DA4 /* GradientNode.m */; };
/* End PBXBuildFile section */

/* Begin PBXFileReference section */
		4E68A3A3C420DC6B19D02192 /* Pods-RainForestFinal.release.xcconfig */ = {isa = PBXFileReference; includeInIndex = 1; lastKnownFileType = text.xcconfig; name = "Pods-RainForestFinal.release.xcconfig"; path = "Pods/Target Support Files/Pods-RainForestFinal/Pods-RainForestFinal.release.xcconfig"; sourceTree = "<group>"; };
		63AFCB603422C3729A0BEAF1 /* libPods-RainForestFinal.a */ = {isa = PBXFileReference; explicitFileType = archive.ar; includeInIndex = 0; path = "libPods-RainForestFinal.a"; sourceTree = BUILT_PRODUCTS_DIR; };
		79C731D5DCD29A2373C5D3A3 /* Pods-RainForestFinal.debug.xcconfig */ = {isa = PBXFileReference; includeInIndex = 1; lastKnownFileType = text.xcconfig; name = "Pods-RainForestFinal.debug.xcconfig"; path = "Pods/Target Support Files/Pods-RainForestFinal/Pods-RainForestFinal.debug.xcconfig"; sourceTree = "<group>"; };
		AE2FB48A1C821D0C003AD243 /* RainforestStarter.temp_caseinsensitive_rename.app */ = {isa = PBXFileReference; explicitFileType = wrapper.application; includeInIndex = 0; path = RainforestStarter.temp_caseinsensitive_rename.app; sourceTree = BUILT_PRODUCTS_DIR; };
		AE2FB48E1C821D0C003AD243 /* main.m */ = {isa = PBXFileReference; lastKnownFileType = sourcecode.c.objc; path = main.m; sourceTree = "<group>"; };
		AE2FB4901C821D0C003AD243 /* AppDelegate.h */ = {isa = PBXFileReference; lastKnownFileType = sourcecode.c.h; path = AppDelegate.h; sourceTree = "<group>"; };
		AE2FB4911C821D0C003AD243 /* AppDelegate.m */ = {isa = PBXFileReference; lastKnownFileType = sourcecode.c.objc; path = AppDelegate.m; sourceTree = "<group>"; };
		AE2FB4991C821D0C003AD243 /* Assets.xcassets */ = {isa = PBXFileReference; lastKnownFileType = folder.assetcatalog; path = Assets.xcassets; sourceTree = "<group>"; };
		AE2FB49E1C821D0C003AD243 /* Info.plist */ = {isa = PBXFileReference; lastKnownFileType = text.plist.xml; path = Info.plist; sourceTree = "<group>"; };
		AE2FB4A51C822006003AD243 /* UIImage+ImageEffects.h */ = {isa = PBXFileReference; fileEncoding = 4; lastKnownFileType = sourcecode.c.h; path = "UIImage+ImageEffects.h"; sourceTree = "<group>"; };
		AE2FB4A61C822006003AD243 /* UIImage+ImageEffects.m */ = {isa = PBXFileReference; fileEncoding = 4; lastKnownFileType = sourcecode.c.objc; path = "UIImage+ImageEffects.m"; sourceTree = "<group>"; };
		AE2FB4B21C822CA2003AD243 /* Factories.h */ = {isa = PBXFileReference; fileEncoding = 4; lastKnownFileType = sourcecode.c.h; path = Factories.h; sourceTree = "<group>"; };
		AE2FB4B31C822CA2003AD243 /* Factories.m */ = {isa = PBXFileReference; fileEncoding = 4; lastKnownFileType = sourcecode.c.objc; path = Factories.m; sourceTree = "<group>"; };
		AE2FB4B81C8242C2003AD243 /* RainforestCardInfo.h */ = {isa = PBXFileReference; fileEncoding = 4; lastKnownFileType = sourcecode.c.h; path = RainforestCardInfo.h; sourceTree = "<group>"; };
		AE2FB4B91C8242C2003AD243 /* RainforestCardInfo.m */ = {isa = PBXFileReference; fileEncoding = 4; lastKnownFileType = sourcecode.c.objc; path = RainforestCardInfo.m; sourceTree = "<group>"; };
		AE2FB4BB1C82725A003AD243 /* AnimalTableNodeController.h */ = {isa = PBXFileReference; fileEncoding = 4; lastKnownFileType = sourcecode.c.h; path = AnimalTableNodeController.h; sourceTree = "<group>"; };
		AE2FB4BC1C82725A003AD243 /* AnimalTableNodeController.m */ = {isa = PBXFileReference; fileEncoding = 4; lastKnownFileType = sourcecode.c.objc; path = AnimalTableNodeController.m; sourceTree = "<group>"; };
		AE2FB4C11C8DDAB5003AD243 /* CardCell.h */ = {isa = PBXFileReference; fileEncoding = 4; lastKnownFileType = sourcecode.c.h; path = CardCell.h; sourceTree = "<group>"; };
		AE2FB4C21C8DDAB5003AD243 /* CardCell.m */ = {isa = PBXFileReference; fileEncoding = 4; lastKnownFileType = sourcecode.c.objc; path = CardCell.m; sourceTree = "<group>"; };
		AE3295FB1C9BA73E00BE8DA4 /* CardNode.h */ = {isa = PBXFileReference; fileEncoding = 4; lastKnownFileType = sourcecode.c.h; path = CardNode.h; sourceTree = "<group>"; };
		AE3295FC1C9BA73E00BE8DA4 /* CardNode.m */ = {isa = PBXFileReference; fileEncoding = 4; lastKnownFileType = sourcecode.c.objc; path = CardNode.m; sourceTree = "<group>"; };
		AE3295FF1C9BA76700BE8DA4 /* ViewController.m */ = {isa = PBXFileReference; fileEncoding = 4; lastKnownFileType = sourcecode.c.objc; path = ViewController.m; sourceTree = "<group>"; };
		AE3296001C9BA76700BE8DA4 /* ViewController.h */ = {isa = PBXFileReference; fileEncoding = 4; lastKnownFileType = sourcecode.c.h; path = ViewController.h; sourceTree = "<group>"; };
		AE3296021C9BA81B00BE8DA4 /* GradientNode.h */ = {isa = PBXFileReference; fileEncoding = 4; lastKnownFileType = sourcecode.c.h; path = GradientNode.h; sourceTree = "<group>"; };
		AE3296031C9BA81B00BE8DA4 /* GradientNode.m */ = {isa = PBXFileReference; fileEncoding = 4; lastKnownFileType = sourcecode.c.objc; path = GradientNode.m; sourceTree = "<group>"; };
/* End PBXFileReference section */

/* Begin PBXFrameworksBuildPhase section */
		AE2FB4871C821D0C003AD243 /* Frameworks */ = {
			isa = PBXFrameworksBuildPhase;
			buildActionMask = 2147483647;
			files = (
				91F8487F51508425FCE7F8C0 /* libPods-RainForestFinal.a in Frameworks */,
			);
			runOnlyForDeploymentPostprocessing = 0;
		};
/* End PBXFrameworksBuildPhase section */

/* Begin PBXGroup section */
		83FE17C6D4EC85343274480B /* Pods */ = {
			isa = PBXGroup;
			children = (
				79C731D5DCD29A2373C5D3A3 /* Pods-RainForestFinal.debug.xcconfig */,
				4E68A3A3C420DC6B19D02192 /* Pods-RainForestFinal.release.xcconfig */,
			);
			name = Pods;
			sourceTree = "<group>";
		};
		AE2FB4811C821D0C003AD243 = {
			isa = PBXGroup;
			children = (
				AE2FB48C1C821D0C003AD243 /* Source */,
				AE2FB48B1C821D0C003AD243 /* Products */,
				83FE17C6D4EC85343274480B /* Pods */,
				BC9ACDA6D94C34A56AC7E40E /* Frameworks */,
			);
			sourceTree = "<group>";
		};
		AE2FB48B1C821D0C003AD243 /* Products */ = {
			isa = PBXGroup;
			children = (
				AE2FB48A1C821D0C003AD243 /* RainforestStarter.temp_caseinsensitive_rename.app */,
			);
			name = Products;
			sourceTree = "<group>";
		};
		AE2FB48C1C821D0C003AD243 /* Source */ = {
			isa = PBXGroup;
			children = (
				AE2FB4901C821D0C003AD243 /* AppDelegate.h */,
				AE2FB4911C821D0C003AD243 /* AppDelegate.m */,
				AE2FB4BB1C82725A003AD243 /* AnimalTableNodeController.h */,
				AE2FB4BC1C82725A003AD243 /* AnimalTableNodeController.m */,
				AE3296001C9BA76700BE8DA4 /* ViewController.h */,
				AE3295FF1C9BA76700BE8DA4 /* ViewController.m */,
				AE2FB4991C821D0C003AD243 /* Assets.xcassets */,
				AE2FB49E1C821D0C003AD243 /* Info.plist */,
				AE2FB4A41C821FEA003AD243 /* Misc */,
				AE2FB48D1C821D0C003AD243 /* Supporting Files */,
			);
			name = Source;
			path = RainForestFinal;
			sourceTree = "<group>";
		};
		AE2FB48D1C821D0C003AD243 /* Supporting Files */ = {
			isa = PBXGroup;
			children = (
				AE2FB48E1C821D0C003AD243 /* main.m */,
			);
			name = "Supporting Files";
			sourceTree = "<group>";
		};
		AE2FB4A41C821FEA003AD243 /* Misc */ = {
			isa = PBXGroup;
			children = (
				AE2FB4B81C8242C2003AD243 /* RainforestCardInfo.h */,
				AE2FB4B91C8242C2003AD243 /* RainforestCardInfo.m */,
				AE2FB4C11C8DDAB5003AD243 /* CardCell.h */,
				AE2FB4C21C8DDAB5003AD243 /* CardCell.m */,
				AE3295FB1C9BA73E00BE8DA4 /* CardNode.h */,
				AE3295FC1C9BA73E00BE8DA4 /* CardNode.m */,
				AE3296021C9BA81B00BE8DA4 /* GradientNode.h */,
				AE3296031C9BA81B00BE8DA4 /* GradientNode.m */,
				AE2FB4B21C822CA2003AD243 /* Factories.h */,
				AE2FB4B31C822CA2003AD243 /* Factories.m */,
				AE2FB4A51C822006003AD243 /* UIImage+ImageEffects.h */,
				AE2FB4A61C822006003AD243 /* UIImage+ImageEffects.m */,
			);
			name = Misc;
			sourceTree = "<group>";
		};
		BC9ACDA6D94C34A56AC7E40E /* Frameworks */ = {
			isa = PBXGroup;
			children = (
				63AFCB603422C3729A0BEAF1 /* libPods-RainForestFinal.a */,
			);
			name = Frameworks;
			sourceTree = "<group>";
		};
/* End PBXGroup section */

/* Begin PBXNativeTarget section */
		AE2FB4891C821D0C003AD243 /* RainForestStarter */ = {
			isa = PBXNativeTarget;
			buildConfigurationList = AE2FB4A11C821D0C003AD243 /* Build configuration list for PBXNativeTarget "RainForestStarter" */;
			buildPhases = (
				4ED666631473AC01124F00E5 /* Check Pods Manifest.lock */,
				AE2FB4861C821D0C003AD243 /* Sources */,
				AE2FB4871C821D0C003AD243 /* Frameworks */,
				AE2FB4881C821D0C003AD243 /* Resources */,
				3C83C11706E45F7848328445 /* Embed Pods Frameworks */,
				B4AACF54261F19814AF533E2 /* Copy Pods Resources */,
			);
			buildRules = (
			);
			dependencies = (
			);
			name = RainForestStarter;
			productName = RainForestFinal;
			productReference = AE2FB48A1C821D0C003AD243 /* RainforestStarter.temp_caseinsensitive_rename.app */;
			productType = "com.apple.product-type.application";
		};
/* End PBXNativeTarget section */

/* Begin PBXProject section */
		AE2FB4821C821D0C003AD243 /* Project object */ = {
			isa = PBXProject;
			attributes = {
				LastUpgradeCheck = 0720;
				ORGANIZATIONNAME = "Razeware LLC";
				TargetAttributes = {
					AE2FB4891C821D0C003AD243 = {
						CreatedOnToolsVersion = 7.2.1;
					};
				};
			};
			buildConfigurationList = AE2FB4851C821D0C003AD243 /* Build configuration list for PBXProject "RainforestStarter" */;
			compatibilityVersion = "Xcode 3.2";
			developmentRegion = English;
			hasScannedForEncodings = 0;
			knownRegions = (
				en,
				Base,
			);
			mainGroup = AE2FB4811C821D0C003AD243;
			productRefGroup = AE2FB48B1C821D0C003AD243 /* Products */;
			projectDirPath = "";
			projectRoot = "";
			targets = (
				AE2FB4891C821D0C003AD243 /* RainForestStarter */,
			);
		};
/* End PBXProject section */

/* Begin PBXResourcesBuildPhase section */
		AE2FB4881C821D0C003AD243 /* Resources */ = {
			isa = PBXResourcesBuildPhase;
			buildActionMask = 2147483647;
			files = (
				AE2FB49A1C821D0C003AD243 /* Assets.xcassets in Resources */,
			);
			runOnlyForDeploymentPostprocessing = 0;
		};
/* End PBXResourcesBuildPhase section */

/* Begin PBXShellScriptBuildPhase section */
		3C83C11706E45F7848328445 /* Embed Pods Frameworks */ = {
			isa = PBXShellScriptBuildPhase;
			buildActionMask = 2147483647;
			files = (
			);
			inputPaths = (
			);
			name = "Embed Pods Frameworks";
			outputPaths = (
			);
			runOnlyForDeploymentPostprocessing = 0;
			shellPath = /bin/sh;
			shellScript = "\"${SRCROOT}/Pods/Target Support Files/Pods-RainForestFinal/Pods-RainForestFinal-frameworks.sh\"\n";
			showEnvVarsInLog = 0;
		};
		4ED666631473AC01124F00E5 /* Check Pods Manifest.lock */ = {
			isa = PBXShellScriptBuildPhase;
			buildActionMask = 2147483647;
			files = (
			);
			inputPaths = (
			);
			name = "Check Pods Manifest.lock";
			outputPaths = (
			);
			runOnlyForDeploymentPostprocessing = 0;
			shellPath = /bin/sh;
			shellScript = "diff \"${PODS_ROOT}/../Podfile.lock\" \"${PODS_ROOT}/Manifest.lock\" > /dev/null\nif [[ $? != 0 ]] ; then\n    cat << EOM\nerror: The sandbox is not in sync with the Podfile.lock. Run 'pod install' or update your CocoaPods installation.\nEOM\n    exit 1\nfi\n";
			showEnvVarsInLog = 0;
		};
		B4AACF54261F19814AF533E2 /* Copy Pods Resources */ = {
			isa = PBXShellScriptBuildPhase;
			buildActionMask = 2147483647;
			files = (
			);
			inputPaths = (
			);
			name = "Copy Pods Resources";
			outputPaths = (
			);
			runOnlyForDeploymentPostprocessing = 0;
			shellPath = /bin/sh;
			shellScript = "\"${SRCROOT}/Pods/Target Support Files/Pods-RainForestFinal/Pods-RainForestFinal-resources.sh\"\n";
			showEnvVarsInLog = 0;
		};
/* End PBXShellScriptBuildPhase section */

/* Begin PBXSourcesBuildPhase section */
		AE2FB4861C821D0C003AD243 /* Sources */ = {
			isa = PBXSourcesBuildPhase;
			buildActionMask = 2147483647;
			files = (
				AE3296011C9BA76700BE8DA4 /* ViewController.m in Sources */,
				AE2FB4BA1C8242C2003AD243 /* RainforestCardInfo.m in Sources */,
				AE2FB4A71C822006003AD243 /* UIImage+ImageEffects.m in Sources */,
				AE2FB4921C821D0C003AD243 /* AppDelegate.m in Sources */,
				AE2FB48F1C821D0C003AD243 /* main.m in Sources */,
				AE3296041C9BA81B00BE8DA4 /* GradientNode.m in Sources */,
				AE2FB4C31C8DDAB5003AD243 /* CardCell.m in Sources */,
				AE3295FD1C9BA73E00BE8DA4 /* CardNode.m in Sources */,
				AE2FB4B41C822CA2003AD243 /* Factories.m in Sources */,
				AE2FB4BD1C82725A003AD243 /* AnimalTableNodeController.m in Sources */,
			);
			runOnlyForDeploymentPostprocessing = 0;
		};
/* End PBXSourcesBuildPhase section */

/* Begin XCBuildConfiguration section */
		AE2FB49F1C821D0C003AD243 /* Debug */ = {
			isa = XCBuildConfiguration;
			buildSettings = {
				ALWAYS_SEARCH_USER_PATHS = NO;
				CLANG_CXX_LANGUAGE_STANDARD = "gnu++0x";
				CLANG_CXX_LIBRARY = "libc++";
				CLANG_ENABLE_MODULES = YES;
				CLANG_ENABLE_OBJC_ARC = YES;
				CLANG_WARN_BOOL_CONVERSION = YES;
				CLANG_WARN_CONSTANT_CONVERSION = YES;
				CLANG_WARN_DIRECT_OBJC_ISA_USAGE = YES_ERROR;
				CLANG_WARN_EMPTY_BODY = YES;
				CLANG_WARN_ENUM_CONVERSION = YES;
				CLANG_WARN_INT_CONVERSION = YES;
				CLANG_WARN_OBJC_ROOT_CLASS = YES_ERROR;
				CLANG_WARN_UNREACHABLE_CODE = YES;
				CLANG_WARN__DUPLICATE_METHOD_MATCH = YES;
				"CODE_SIGN_IDENTITY[sdk=iphoneos*]" = "iPhone Developer";
				COPY_PHASE_STRIP = NO;
				DEBUG_INFORMATION_FORMAT = dwarf;
				ENABLE_STRICT_OBJC_MSGSEND = YES;
				ENABLE_TESTABILITY = YES;
				GCC_C_LANGUAGE_STANDARD = gnu99;
				GCC_DYNAMIC_NO_PIC = NO;
				GCC_NO_COMMON_BLOCKS = YES;
				GCC_OPTIMIZATION_LEVEL = 0;
				GCC_PREPROCESSOR_DEFINITIONS = (
					"DEBUG=1",
					"$(inherited)",
				);
				GCC_WARN_64_TO_32_BIT_CONVERSION = YES;
				GCC_WARN_ABOUT_RETURN_TYPE = YES_ERROR;
				GCC_WARN_UNDECLARED_SELECTOR = YES;
				GCC_WARN_UNINITIALIZED_AUTOS = YES_AGGRESSIVE;
				GCC_WARN_UNUSED_FUNCTION = YES;
				GCC_WARN_UNUSED_VARIABLE = YES;
				IPHONEOS_DEPLOYMENT_TARGET = 9.2;
				MTL_ENABLE_DEBUG_INFO = YES;
				ONLY_ACTIVE_ARCH = YES;
				SDKROOT = iphoneos;
			};
			name = Debug;
		};
		AE2FB4A01C821D0C003AD243 /* Release */ = {
			isa = XCBuildConfiguration;
			buildSettings = {
				ALWAYS_SEARCH_USER_PATHS = NO;
				CLANG_CXX_LANGUAGE_STANDARD = "gnu++0x";
				CLANG_CXX_LIBRARY = "libc++";
				CLANG_ENABLE_MODULES = YES;
				CLANG_ENABLE_OBJC_ARC = YES;
				CLANG_WARN_BOOL_CONVERSION = YES;
				CLANG_WARN_CONSTANT_CONVERSION = YES;
				CLANG_WARN_DIRECT_OBJC_ISA_USAGE = YES_ERROR;
				CLANG_WARN_EMPTY_BODY = YES;
				CLANG_WARN_ENUM_CONVERSION = YES;
				CLANG_WARN_INT_CONVERSION = YES;
				CLANG_WARN_OBJC_ROOT_CLASS = YES_ERROR;
				CLANG_WARN_UNREACHABLE_CODE = YES;
				CLANG_WARN__DUPLICATE_METHOD_MATCH = YES;
				"CODE_SIGN_IDENTITY[sdk=iphoneos*]" = "iPhone Developer";
				COPY_PHASE_STRIP = NO;
				DEBUG_INFORMATION_FORMAT = "dwarf-with-dsym";
				ENABLE_NS_ASSERTIONS = NO;
				ENABLE_STRICT_OBJC_MSGSEND = YES;
				GCC_C_LANGUAGE_STANDARD = gnu99;
				GCC_NO_COMMON_BLOCKS = YES;
				GCC_WARN_64_TO_32_BIT_CONVERSION = YES;
				GCC_WARN_ABOUT_RETURN_TYPE = YES_ERROR;
				GCC_WARN_UNDECLARED_SELECTOR = YES;
				GCC_WARN_UNINITIALIZED_AUTOS = YES_AGGRESSIVE;
				GCC_WARN_UNUSED_FUNCTION = YES;
				GCC_WARN_UNUSED_VARIABLE = YES;
				IPHONEOS_DEPLOYMENT_TARGET = 9.2;
				MTL_ENABLE_DEBUG_INFO = NO;
				SDKROOT = iphoneos;
				VALIDATE_PRODUCT = YES;
			};
			name = Release;
		};
		AE2FB4A21C821D0C003AD243 /* Debug */ = {
			isa = XCBuildConfiguration;
			baseConfigurationReference = 79C731D5DCD29A2373C5D3A3 /* Pods-RainForestFinal.debug.xcconfig */;
			buildSettings = {
				ASSETCATALOG_COMPILER_APPICON_NAME = AppIcon;
				INFOPLIST_FILE = RainForestFinal/Info.plist;
				LD_RUNPATH_SEARCH_PATHS = "$(inherited) @executable_path/Frameworks";
				PRODUCT_BUNDLE_IDENTIFIER = com.razeware.RainforestStarter;
				PRODUCT_NAME = RainforestStarter.temp_caseinsensitive_rename;
			};
			name = Debug;
		};
		AE2FB4A31C821D0C003AD243 /* Release */ = {
			isa = XCBuildConfiguration;
			baseConfigurationReference = 4E68A3A3C420DC6B19D02192 /* Pods-RainForestFinal.release.xcconfig */;
			buildSettings = {
				ASSETCATALOG_COMPILER_APPICON_NAME = AppIcon;
				INFOPLIST_FILE = RainForestFinal/Info.plist;
				LD_RUNPATH_SEARCH_PATHS = "$(inherited) @executable_path/Frameworks";
				PRODUCT_BUNDLE_IDENTIFIER = com.razeware.RainforestStarter;
				PRODUCT_NAME = RainforestStarter.temp_caseinsensitive_rename;
			};
			name = Release;
		};
/* End XCBuildConfiguration section */

/* Begin XCConfigurationList section */
		AE2FB4851C821D0C003AD243 /* Build configuration list for PBXProject "RainforestStarter" */ = {
			isa = XCConfigurationList;
			buildConfigurations = (
				AE2FB49F1C821D0C003AD243 /* Debug */,
				AE2FB4A01C821D0C003AD243 /* Release */,
			);
			defaultConfigurationIsVisible = 0;
			defaultConfigurationName = Release;
		};
		AE2FB4A11C821D0C003AD243 /* Build configuration list for PBXNativeTarget "RainForestStarter" */ = {
			isa = XCConfigurationList;
			buildConfigurations = (
				AE2FB4A21C821D0C003AD243 /* Debug */,
				AE2FB4A31C821D0C003AD243 /* Release */,
			);
			defaultConfigurationIsVisible = 0;
			defaultConfigurationName = Release;
		};
/* End XCConfigurationList section */
	};
	rootObject = AE2FB4821C821D0C003AD243 /* Project object */;
}
